
Microsoft Visual Studio Solution File, Format Version 12.00
# Visual Studio Version 17
VisualStudioVersion = 17.9.34518.117
MinimumVisualStudioVersion = 10.0.40219.1
Project("{FAE04EC0-301F-11D3-BF4B-00C04F79EFBC}") = "EduHome", "EduHome\EduHome.csproj", "{BB5CCBB2-D9AD-467E-A9F2-FAD6356E0F88}"
EndProject
Global
	GlobalSection(SolutionConfigurationPlatforms) = preSolution
		Debug|Any CPU = Debug|Any CPU
		Release|Any CPU = Release|Any CPU
	EndGlobalSection
	GlobalSection(ProjectConfigurationPlatforms) = postSolution
		{BB5CCBB2-D9AD-467E-A9F2-FAD6356E0F88}.Debug|Any CPU.ActiveCfg = Debug|Any CPU
		{BB5CCBB2-D9AD-467E-A9F2-FAD6356E0F88}.Debug|Any CPU.Build.0 = Debug|Any CPU
		{BB5CCBB2-D9AD-467E-A9F2-FAD6356E0F88}.Release|Any CPU.ActiveCfg = Release|Any CPU
		{BB5CCBB2-D9AD-467E-A9F2-FAD6356E0F88}.Release|Any CPU.Build.0 = Release|Any CPU
	EndGlobalSection
	GlobalSection(SolutionProperties) = preSolution
		HideSolutionNode = FALSE
	EndGlobalSection
	GlobalSection(ExtensibilityGlobals) = postSolution
		SolutionGuid = {2FB4FD29-4271-4936-A6E1-8B1B8CE2035E}
	EndGlobalSection
EndGlobal
